{
  "name": "esbuild-workers-template",
  "version": "1.0.0",
  "lockfileVersion": 2,
  "requires": true,
  "packages": {
    "": {
      "name": "esbuild-workers-template",
      "version": "1.0.0",
      "license": "ISC",
      "dependencies": {
        "esbuild": "^0.11.20",
        "lodash": "^4.17.21"
      },
      "devDependencies": {
        "@cloudflare/workers-types": "^3.3.1",
        "typescript": "^4.2.4"
      }
    },
    "node_modules/@cloudflare/workers-types": {
      "version": "3.3.1",
      "resolved": "https://registry.npmjs.org/@cloudflare/workers-types/-/workers-types-3.3.1.tgz",
      "integrity": "sha512-GJFDgWd8ZHlr/m+Q2mp4xUl0/FIPpR6kf0Ix2C78E9HeJyUCW0c0w2EKCvgEDFFKB2rkzIX3eBqZCnLsbsw8zQ==",
      "dev": true
    },
    "node_modules/esbuild": {
      "version": "0.11.20",
      "resolved": "https://registry.npmjs.org/esbuild/-/esbuild-0.11.20.tgz",
      "integrity": "sha512-QOZrVpN/Yz74xfat0H6euSgn3RnwLevY1mJTEXneukz1ln9qB+ieaerRMzSeETpz/UJWsBMzRVR/andBht5WKw==",
      "bin": {
        "esbuild": "bin/esbuild"
      }
    },
    "node_modules/lodash": {
      "version": "4.17.21",
      "resolved": "https://registry.npmjs.org/lodash/-/lodash-4.17.21.tgz",
      "integrity": "sha512-v2kDEe57lecTulaDIuNTPy3Ry4gLGJ6Z1O3vE1krgXZNrsQ+LFTGHVxVjcXPs17LhbZVGedAJv8XZ1tvj5FvSg=="
    },
    "node_modules/typescript": {
      "version": "4.2.4",
      "resolved": "https://registry.npmjs.org/typescript/-/typescript-4.2.4.tgz",
      "integrity": "sha512-V+evlYHZnQkaz8TRBuxTA92yZBPotr5H+WhQ7bD3hZUndx5tGOa1fuCgeSjxAzM1RiN5IzvadIXTVefuuwZCRg==",
      "dev": true,
      "bin": {
        "tsc": "bin/tsc",
        "tsserver": "bin/tsserver"
      },
      "engines": {
        "node": ">=4.2.0"
      }
    }
  },
  "dependencies": {
    "@cloudflare/workers-types": {
      "version": "3.3.1",
      "resolved": "https://registry.npmjs.org/@cloudflare/workers-types/-/workers-types-3.3.1.tgz",
      "integrity": "sha512-GJFDgWd8ZHlr/m+Q2mp4xUl0/FIPpR6kf0Ix2C78E9HeJyUCW0c0w2EKCvgEDFFKB2rkzIX3eBqZCnLsbsw8zQ==",
      "dev": true
    },
    "esbuild": {
      "version": "0.11.20",
      "resolved": "https://registry.npmjs.org/esbuild/-/esbuild-0.11.20.tgz",
      "integrity": "sha512-QOZrVpN/Yz74xfat0H6euSgn3RnwLevY1mJTEXneukz1ln9qB+ieaerRMzSeETpz/UJWsBMzRVR/andBht5WKw=="
    },
    "lodash": {
      "version": "4.17.21",
      "resolved": "https://registry.npmjs.org/lodash/-/lodash-4.17.21.tgz",
      "integrity": "sha512-v2kDEe57lecTulaDIuNTPy3Ry4gLGJ6Z1O3vE1krgXZNrsQ+LFTGHVxVjcXPs17LhbZVGedAJv8XZ1tvj5FvSg=="
    },
    "typescript": {
      "version": "4.2.4",
      "resolved": "https://registry.npmjs.org/typescript/-/typescript-4.2.4.tgz",
      "integrity": "sha512-V+evlYHZnQkaz8TRBuxTA92yZBPotr5H+WhQ7bD3hZUndx5tGOa1fuCgeSjxAzM1RiN5IzvadIXTVefuuwZCRg==",
      "dev": true
    }
  }
}
